{
  "originHash" : "5f3436049b395fcbc71828c07d82e81a46af698ebe0b146cdc52345a5a60558d",
  "pins" : [
    {
      "identity" : "supabase-swift",
      "kind" : "remoteSourceControl",
      "location" : "https://github.com/supabase/supabase-swift",
      "state" : {
        "revision" : "4c966eafaaebc893a418e6334ef67beb0287a9ad",
        "version" : "2.16.1"
      }
    },
    {
      "identity" : "swift-concurrency-extras",
      "kind" : "remoteSourceControl",
      "location" : "https://github.com/pointfreeco/swift-concurrency-extras",
      "state" : {
        "revision" : "bb5059bde9022d69ac516803f4f227d8ac967f71",
        "version" : "1.1.0"
      }
    },
    {
      "identity" : "swift-crypto",
      "kind" : "remoteSourceControl",
      "location" : "https://github.com/apple/swift-crypto.git",
      "state" : {
        "revision" : "a53a7e8f858902659d4784322bede34f4e49097e",
        "version" : "3.6.1"
      }
    },
    {
      "identity" : "xctest-dynamic-overlay",
      "kind" : "remoteSourceControl",
      "location" : "https://github.com/pointfreeco/xctest-dynamic-overlay",
      "state" : {
        "revision" : "c6809a193975cab4d5308c64bd1d51e0df467928",
        "version" : "1.2.3"
      }
    }
  ],
  "version" : 3
}
