// !$*UTF8*$!
{
	archiveVersion = 1;
	classes = {
	};
	objectVersion = 56;
	objects = {

/* Begin PBXBuildFile section */
		221DD1B8705769E853E73901 /* Pods_SecuRide.framework in Frameworks */ = {isa = PBXBuildFile; fileRef = 6C7AFD25D02589B0B04FDC5D /* Pods_SecuRide.framework */; };
		6B9F5B482C56BAB300F9D5BC /* Supabase in Frameworks */ = {isa = PBXBuildFile; productRef = 6B9F5B472C56BAB300F9D5BC /* Supabase */; };
		6B9F5B4A2C56BE2100F9D5BC /* AuthManager.swift in Sources */ = {isa = PBXBuildFile; fileRef = 6B9F5B492C56BE2100F9D5BC /* AuthManager.swift */; };
		6B9F5B4C2C56BF2C00F9D5BC /* SignInGoogle.swift in Sources */ = {isa = PBXBuildFile; fileRef = 6B9F5B4B2C56BF2C00F9D5BC /* SignInGoogle.swift */; };
		6B9F5B4E2C56C58100F9D5BC /* SignInViewModel.swift in Sources */ = {isa = PBXBuildFile; fileRef = 6B9F5B4D2C56C58100F9D5BC /* SignInViewModel.swift */; };
		6B9F5B502C56D98100F9D5BC /* AccountView.swift in Sources */ = {isa = PBXBuildFile; fileRef = 6B9F5B4F2C56D98100F9D5BC /* AccountView.swift */; };
		6B9F5B522C56D98F00F9D5BC /* HistoryView.swift in Sources */ = {isa = PBXBuildFile; fileRef = 6B9F5B512C56D98F00F9D5BC /* HistoryView.swift */; };
		6BA11C652C488468000A8CC9 /* UberCore.xcframework in Frameworks */ = {isa = PBXBuildFile; fileRef = 6BA11C632C488467000A8CC9 /* UberCore.xcframework */; };
		6BA11C662C488468000A8CC9 /* UberCore.xcframework in Embed Frameworks */ = {isa = PBXBuildFile; fileRef = 6BA11C632C488467000A8CC9 /* UberCore.xcframework */; settings = {ATTRIBUTES = (CodeSignOnCopy, RemoveHeadersOnCopy, ); }; };
		6BA11C672C488468000A8CC9 /* UberRides.xcframework in Frameworks */ = {isa = PBXBuildFile; fileRef = 6BA11C642C488467000A8CC9 /* UberRides.xcframework */; };
		6BA11C682C488468000A8CC9 /* UberRides.xcframework in Embed Frameworks */ = {isa = PBXBuildFile; fileRef = 6BA11C642C488467000A8CC9 /* UberRides.xcframework */; settings = {ATTRIBUTES = (CodeSignOnCopy, RemoveHeadersOnCopy, ); }; };
		6BA11C6B2C4887C5000A8CC9 /* UberButton.swift in Sources */ = {isa = PBXBuildFile; fileRef = 6BA11C6A2C4887C5000A8CC9 /* UberButton.swift */; };
		6BA11C6D2C4BF2EB000A8CC9 /* UberLoginManager.swift in Sources */ = {isa = PBXBuildFile; fileRef = 6BA11C6C2C4BF2EB000A8CC9 /* UberLoginManager.swift */; };
		6BA11C6F2C4C42BE000A8CC9 /* UberOAuthViewModel.swift in Sources */ = {isa = PBXBuildFile; fileRef = 6BA11C6E2C4C42BE000A8CC9 /* UberOAuthViewModel.swift */; };
		6BA11C732C4DAAB9000A8CC9 /* AvatarImage.swift in Sources */ = {isa = PBXBuildFile; fileRef = 6BA11C722C4DAAB9000A8CC9 /* AvatarImage.swift */; };
		6BA11C772C4DAB1F000A8CC9 /* SwiftUIHelpers.swift in Sources */ = {isa = PBXBuildFile; fileRef = 6BA11C762C4DAB1F000A8CC9 /* SwiftUIHelpers.swift */; };
		6BA11C792C56B598000A8CC9 /* GoogleAuthView.swift in Sources */ = {isa = PBXBuildFile; fileRef = 6BA11C782C56B598000A8CC9 /* GoogleAuthView.swift */; };
		9A3781542C4DA7CE004731CC /* Supabase.swift in Sources */ = {isa = PBXBuildFile; fileRef = 9A3781532C4DA7CE004731CC /* Supabase.swift */; };
		9A3781562C4DA838004731CC /* EmailAuthView.swift in Sources */ = {isa = PBXBuildFile; fileRef = 9A3781552C4DA838004731CC /* EmailAuthView.swift */; };
		9A3781582C4DA942004731CC /* AppView.swift in Sources */ = {isa = PBXBuildFile; fileRef = 9A3781572C4DA941004731CC /* AppView.swift */; };
		9A37815A2C4DA972004731CC /* ProfileView.swift in Sources */ = {isa = PBXBuildFile; fileRef = 9A3781592C4DA972004731CC /* ProfileView.swift */; };
		9A37815C2C4DA997004731CC /* Models.swift in Sources */ = {isa = PBXBuildFile; fileRef = 9A37815B2C4DA997004731CC /* Models.swift */; };
		9AB44F022C443EC500BB7F7D /* SecuRideApp.swift in Sources */ = {isa = PBXBuildFile; fileRef = 9AB44F012C443EC500BB7F7D /* SecuRideApp.swift */; };
		9AB44F042C443EC500BB7F7D /* ContentView.swift in Sources */ = {isa = PBXBuildFile; fileRef = 9AB44F032C443EC500BB7F7D /* ContentView.swift */; };
		9AB44F062C443EC700BB7F7D /* Assets.xcassets in Resources */ = {isa = PBXBuildFile; fileRef = 9AB44F052C443EC700BB7F7D /* Assets.xcassets */; };
		9AB44F092C443EC700BB7F7D /* Preview Assets.xcassets in Resources */ = {isa = PBXBuildFile; fileRef = 9AB44F082C443EC700BB7F7D /* Preview Assets.xcassets */; };
		9AB44F132C443EC800BB7F7D /* SecuRideTests.swift in Sources */ = {isa = PBXBuildFile; fileRef = 9AB44F122C443EC800BB7F7D /* SecuRideTests.swift */; };
		9AB44F1D2C443EC800BB7F7D /* SecuRideUITests.swift in Sources */ = {isa = PBXBuildFile; fileRef = 9AB44F1C2C443EC800BB7F7D /* SecuRideUITests.swift */; };
		9AB44F1F2C443EC800BB7F7D /* SecuRideUITestsLaunchTests.swift in Sources */ = {isa = PBXBuildFile; fileRef = 9AB44F1E2C443EC800BB7F7D /* SecuRideUITestsLaunchTests.swift */; };
		9ACEEDDF8799DF505C7B0D36 /* Pods_SecuRideTests.framework in Frameworks */ = {isa = PBXBuildFile; fileRef = 6ACB05B880371CCC2E781140 /* Pods_SecuRideTests.framework */; };
		9AF3900C2C56AF4B004B947B /* HomeView.swift in Sources */ = {isa = PBXBuildFile; fileRef = 9AF3900B2C56AF4B004B947B /* HomeView.swift */; };
		C492BFA6C9F42B3A8F13E290 /* Pods_SecuRide_SecuRideUITests.framework in Frameworks */ = {isa = PBXBuildFile; fileRef = E190FFC3796BDB6BF34CEABB /* Pods_SecuRide_SecuRideUITests.framework */; };
/* End PBXBuildFile section */

/* Begin PBXContainerItemProxy section */
		9AB44F0F2C443EC800BB7F7D /* PBXContainerItemProxy */ = {
			isa = PBXContainerItemProxy;
			containerPortal = 9AB44EF62C443EC400BB7F7D /* Project object */;
			proxyType = 1;
			remoteGlobalIDString = 9AB44EFD2C443EC400BB7F7D;
			remoteInfo = SecuRide;
		};
		9AB44F192C443EC800BB7F7D /* PBXContainerItemProxy */ = {
			isa = PBXContainerItemProxy;
			containerPortal = 9AB44EF62C443EC400BB7F7D /* Project object */;
			proxyType = 1;
			remoteGlobalIDString = 9AB44EFD2C443EC400BB7F7D;
			remoteInfo = SecuRide;
		};
/* End PBXContainerItemProxy section */

/* Begin PBXCopyFilesBuildPhase section */
		6BA11C692C488468000A8CC9 /* Embed Frameworks */ = {
			isa = PBXCopyFilesBuildPhase;
			buildActionMask = 2147483647;
			dstPath = "";
			dstSubfolderSpec = 10;
			files = (
				6BA11C662C488468000A8CC9 /* UberCore.xcframework in Embed Frameworks */,
				6BA11C682C488468000A8CC9 /* UberRides.xcframework in Embed Frameworks */,
			);
			name = "Embed Frameworks";
			runOnlyForDeploymentPostprocessing = 0;
		};
/* End PBXCopyFilesBuildPhase section */

/* Begin PBXFileReference section */
		0AB24E3910897D21F1C96834 /* Pods-SecuRide.debug.xcconfig */ = {isa = PBXFileReference; includeInIndex = 1; lastKnownFileType = text.xcconfig; name = "Pods-SecuRide.debug.xcconfig"; path = "Target Support Files/Pods-SecuRide/Pods-SecuRide.debug.xcconfig"; sourceTree = "<group>"; };
		25FAD2AA04B13E68E34863A4 /* Pods-SecuRide.release.xcconfig */ = {isa = PBXFileReference; includeInIndex = 1; lastKnownFileType = text.xcconfig; name = "Pods-SecuRide.release.xcconfig"; path = "Target Support Files/Pods-SecuRide/Pods-SecuRide.release.xcconfig"; sourceTree = "<group>"; };
		4EB67FD0356B7451645CBBCB /* Pods-SecuRide-SecuRideUITests.debug.xcconfig */ = {isa = PBXFileReference; includeInIndex = 1; lastKnownFileType = text.xcconfig; name = "Pods-SecuRide-SecuRideUITests.debug.xcconfig"; path = "Target Support Files/Pods-SecuRide-SecuRideUITests/Pods-SecuRide-SecuRideUITests.debug.xcconfig"; sourceTree = "<group>"; };
		6ACB05B880371CCC2E781140 /* Pods_SecuRideTests.framework */ = {isa = PBXFileReference; explicitFileType = wrapper.framework; includeInIndex = 0; path = Pods_SecuRideTests.framework; sourceTree = BUILT_PRODUCTS_DIR; };
		6B9F5B492C56BE2100F9D5BC /* AuthManager.swift */ = {isa = PBXFileReference; lastKnownFileType = sourcecode.swift; path = AuthManager.swift; sourceTree = "<group>"; };
		6B9F5B4B2C56BF2C00F9D5BC /* SignInGoogle.swift */ = {isa = PBXFileReference; lastKnownFileType = sourcecode.swift; path = SignInGoogle.swift; sourceTree = "<group>"; };
		6B9F5B4D2C56C58100F9D5BC /* SignInViewModel.swift */ = {isa = PBXFileReference; lastKnownFileType = sourcecode.swift; path = SignInViewModel.swift; sourceTree = "<group>"; };
		6B9F5B4F2C56D98100F9D5BC /* AccountView.swift */ = {isa = PBXFileReference; lastKnownFileType = sourcecode.swift; path = AccountView.swift; sourceTree = "<group>"; };
		6B9F5B512C56D98F00F9D5BC /* HistoryView.swift */ = {isa = PBXFileReference; lastKnownFileType = sourcecode.swift; path = HistoryView.swift; sourceTree = "<group>"; };
		6BA11C632C488467000A8CC9 /* UberCore.xcframework */ = {isa = PBXFileReference; lastKnownFileType = wrapper.xcframework; name = UberCore.xcframework; path = Carthage/Build/UberCore.xcframework; sourceTree = "<group>"; };
		6BA11C642C488467000A8CC9 /* UberRides.xcframework */ = {isa = PBXFileReference; lastKnownFileType = wrapper.xcframework; name = UberRides.xcframework; path = Carthage/Build/UberRides.xcframework; sourceTree = "<group>"; };
		6BA11C6A2C4887C5000A8CC9 /* UberButton.swift */ = {isa = PBXFileReference; lastKnownFileType = sourcecode.swift; path = UberButton.swift; sourceTree = "<group>"; };
		6BA11C6C2C4BF2EB000A8CC9 /* UberLoginManager.swift */ = {isa = PBXFileReference; lastKnownFileType = sourcecode.swift; path = UberLoginManager.swift; sourceTree = "<group>"; };
		6BA11C6E2C4C42BE000A8CC9 /* UberOAuthViewModel.swift */ = {isa = PBXFileReference; lastKnownFileType = sourcecode.swift; path = UberOAuthViewModel.swift; sourceTree = "<group>"; };
		6BA11C722C4DAAB9000A8CC9 /* AvatarImage.swift */ = {isa = PBXFileReference; lastKnownFileType = sourcecode.swift; path = AvatarImage.swift; sourceTree = "<group>"; };
		6BA11C762C4DAB1F000A8CC9 /* SwiftUIHelpers.swift */ = {isa = PBXFileReference; lastKnownFileType = sourcecode.swift; path = SwiftUIHelpers.swift; sourceTree = "<group>"; };
		6BA11C782C56B598000A8CC9 /* GoogleAuthView.swift */ = {isa = PBXFileReference; lastKnownFileType = sourcecode.swift; path = GoogleAuthView.swift; sourceTree = "<group>"; };
		6BB390582C487C1D00820B64 /* Info.plist */ = {isa = PBXFileReference; lastKnownFileType = text.plist; path = Info.plist; sourceTree = "<group>"; };
		6C7AFD25D02589B0B04FDC5D /* Pods_SecuRide.framework */ = {isa = PBXFileReference; explicitFileType = wrapper.framework; includeInIndex = 0; path = Pods_SecuRide.framework; sourceTree = BUILT_PRODUCTS_DIR; };
		9A3781532C4DA7CE004731CC /* Supabase.swift */ = {isa = PBXFileReference; lastKnownFileType = sourcecode.swift; path = Supabase.swift; sourceTree = "<group>"; };
		9A3781552C4DA838004731CC /* EmailAuthView.swift */ = {isa = PBXFileReference; lastKnownFileType = sourcecode.swift; path = EmailAuthView.swift; sourceTree = "<group>"; };
		9A3781572C4DA941004731CC /* AppView.swift */ = {isa = PBXFileReference; lastKnownFileType = sourcecode.swift; path = AppView.swift; sourceTree = "<group>"; };
		9A3781592C4DA972004731CC /* ProfileView.swift */ = {isa = PBXFileReference; lastKnownFileType = sourcecode.swift; path = ProfileView.swift; sourceTree = "<group>"; };
		9A37815B2C4DA997004731CC /* Models.swift */ = {isa = PBXFileReference; lastKnownFileType = sourcecode.swift; path = Models.swift; sourceTree = "<group>"; };
		9AB44EFE2C443EC400BB7F7D /* SecuRide.app */ = {isa = PBXFileReference; explicitFileType = wrapper.application; includeInIndex = 0; path = SecuRide.app; sourceTree = BUILT_PRODUCTS_DIR; };
		9AB44F012C443EC500BB7F7D /* SecuRideApp.swift */ = {isa = PBXFileReference; lastKnownFileType = sourcecode.swift; path = SecuRideApp.swift; sourceTree = "<group>"; };
		9AB44F032C443EC500BB7F7D /* ContentView.swift */ = {isa = PBXFileReference; lastKnownFileType = sourcecode.swift; path = ContentView.swift; sourceTree = "<group>"; };
		9AB44F052C443EC700BB7F7D /* Assets.xcassets */ = {isa = PBXFileReference; lastKnownFileType = folder.assetcatalog; path = Assets.xcassets; sourceTree = "<group>"; };
		9AB44F082C443EC700BB7F7D /* Preview Assets.xcassets */ = {isa = PBXFileReference; lastKnownFileType = folder.assetcatalog; path = "Preview Assets.xcassets"; sourceTree = "<group>"; };
		9AB44F0E2C443EC800BB7F7D /* SecuRideTests.xctest */ = {isa = PBXFileReference; explicitFileType = wrapper.cfbundle; includeInIndex = 0; path = SecuRideTests.xctest; sourceTree = BUILT_PRODUCTS_DIR; };
		9AB44F122C443EC800BB7F7D /* SecuRideTests.swift */ = {isa = PBXFileReference; lastKnownFileType = sourcecode.swift; path = SecuRideTests.swift; sourceTree = "<group>"; };
		9AB44F182C443EC800BB7F7D /* SecuRideUITests.xctest */ = {isa = PBXFileReference; explicitFileType = wrapper.cfbundle; includeInIndex = 0; path = SecuRideUITests.xctest; sourceTree = BUILT_PRODUCTS_DIR; };
		9AB44F1C2C443EC800BB7F7D /* SecuRideUITests.swift */ = {isa = PBXFileReference; lastKnownFileType = sourcecode.swift; path = SecuRideUITests.swift; sourceTree = "<group>"; };
		9AB44F1E2C443EC800BB7F7D /* SecuRideUITestsLaunchTests.swift */ = {isa = PBXFileReference; lastKnownFileType = sourcecode.swift; path = SecuRideUITestsLaunchTests.swift; sourceTree = "<group>"; };
		9AF3900B2C56AF4B004B947B /* HomeView.swift */ = {isa = PBXFileReference; lastKnownFileType = sourcecode.swift; path = HomeView.swift; sourceTree = "<group>"; };
		D8850CAAC6EAAC88522E6E7D /* Pods-SecuRide-SecuRideUITests.release.xcconfig */ = {isa = PBXFileReference; includeInIndex = 1; lastKnownFileType = text.xcconfig; name = "Pods-SecuRide-SecuRideUITests.release.xcconfig"; path = "Target Support Files/Pods-SecuRide-SecuRideUITests/Pods-SecuRide-SecuRideUITests.release.xcconfig"; sourceTree = "<group>"; };
		D9861EB93B157F3F7FF0E270 /* Pods-SecuRideTests.debug.xcconfig */ = {isa = PBXFileReference; includeInIndex = 1; lastKnownFileType = text.xcconfig; name = "Pods-SecuRideTests.debug.xcconfig"; path = "Target Support Files/Pods-SecuRideTests/Pods-SecuRideTests.debug.xcconfig"; sourceTree = "<group>"; };
		DCC3739888F488EDFEEA42BE /* Pods-SecuRideTests.release.xcconfig */ = {isa = PBXFileReference; includeInIndex = 1; lastKnownFileType = text.xcconfig; name = "Pods-SecuRideTests.release.xcconfig"; path = "Target Support Files/Pods-SecuRideTests/Pods-SecuRideTests.release.xcconfig"; sourceTree = "<group>"; };
		E190FFC3796BDB6BF34CEABB /* Pods_SecuRide_SecuRideUITests.framework */ = {isa = PBXFileReference; explicitFileType = wrapper.framework; includeInIndex = 0; path = Pods_SecuRide_SecuRideUITests.framework; sourceTree = BUILT_PRODUCTS_DIR; };
/* End PBXFileReference section */

/* Begin PBXFrameworksBuildPhase section */
		9AB44EFB2C443EC400BB7F7D /* Frameworks */ = {
			isa = PBXFrameworksBuildPhase;
			buildActionMask = 2147483647;
			files = (
				6B9F5B482C56BAB300F9D5BC /* Supabase in Frameworks */,
				6BA11C652C488468000A8CC9 /* UberCore.xcframework in Frameworks */,
				6BA11C672C488468000A8CC9 /* UberRides.xcframework in Frameworks */,
				221DD1B8705769E853E73901 /* Pods_SecuRide.framework in Frameworks */,
			);
			runOnlyForDeploymentPostprocessing = 0;
		};
		9AB44F0B2C443EC800BB7F7D /* Frameworks */ = {
			isa = PBXFrameworksBuildPhase;
			buildActionMask = 2147483647;
			files = (
				9ACEEDDF8799DF505C7B0D36 /* Pods_SecuRideTests.framework in Frameworks */,
			);
			runOnlyForDeploymentPostprocessing = 0;
		};
		9AB44F152C443EC800BB7F7D /* Frameworks */ = {
			isa = PBXFrameworksBuildPhase;
			buildActionMask = 2147483647;
			files = (
				C492BFA6C9F42B3A8F13E290 /* Pods_SecuRide_SecuRideUITests.framework in Frameworks */,
			);
			runOnlyForDeploymentPostprocessing = 0;
		};
/* End PBXFrameworksBuildPhase section */

/* Begin PBXGroup section */
		6BA11C622C488467000A8CC9 /* Frameworks */ = {
			isa = PBXGroup;
			children = (
				6BA11C632C488467000A8CC9 /* UberCore.xcframework */,
				6BA11C642C488467000A8CC9 /* UberRides.xcframework */,
				6C7AFD25D02589B0B04FDC5D /* Pods_SecuRide.framework */,
				E190FFC3796BDB6BF34CEABB /* Pods_SecuRide_SecuRideUITests.framework */,
				6ACB05B880371CCC2E781140 /* Pods_SecuRideTests.framework */,
			);
			name = Frameworks;
			sourceTree = "<group>";
		};
		6BA11C7A2C56B621000A8CC9 /* SignIn */ = {
			isa = PBXGroup;
			children = (
				9A3781552C4DA838004731CC /* EmailAuthView.swift */,
				6BA11C782C56B598000A8CC9 /* GoogleAuthView.swift */,
				6B9F5B4B2C56BF2C00F9D5BC /* SignInGoogle.swift */,
				6B9F5B4D2C56C58100F9D5BC /* SignInViewModel.swift */,
			);
			path = SignIn;
			sourceTree = "<group>";
		};
		9AB44EF52C443EC400BB7F7D = {
			isa = PBXGroup;
			children = (
				9AB44F002C443EC400BB7F7D /* SecuRide */,
				9AB44F112C443EC800BB7F7D /* SecuRideTests */,
				9AB44F1B2C443EC800BB7F7D /* SecuRideUITests */,
				9AB44EFF2C443EC400BB7F7D /* Products */,
				A218B1234BFF260940028BF6 /* Pods */,
				6BA11C622C488467000A8CC9 /* Frameworks */,
			);
			sourceTree = "<group>";
		};
		9AB44EFF2C443EC400BB7F7D /* Products */ = {
			isa = PBXGroup;
			children = (
				9AB44EFE2C443EC400BB7F7D /* SecuRide.app */,
				9AB44F0E2C443EC800BB7F7D /* SecuRideTests.xctest */,
				9AB44F182C443EC800BB7F7D /* SecuRideUITests.xctest */,
			);
			name = Products;
			sourceTree = "<group>";
		};
		9AB44F002C443EC400BB7F7D /* SecuRide */ = {
			isa = PBXGroup;
			children = (
				9AF3900A2C56AF3C004B947B /* Screens */,
				6BB390582C487C1D00820B64 /* Info.plist */,
				9AB44F012C443EC500BB7F7D /* SecuRideApp.swift */,
				6BA11C7A2C56B621000A8CC9 /* SignIn */,
				9A3781532C4DA7CE004731CC /* Supabase.swift */,
				9A3781572C4DA941004731CC /* AppView.swift */,
				9A3781592C4DA972004731CC /* ProfileView.swift */,
				6BA11C722C4DAAB9000A8CC9 /* AvatarImage.swift */,
				9A37815B2C4DA997004731CC /* Models.swift */,
				9AB44F052C443EC700BB7F7D /* Assets.xcassets */,
				9AB44F072C443EC700BB7F7D /* Preview Content */,
				6BA11C6A2C4887C5000A8CC9 /* UberButton.swift */,
				6BA11C6E2C4C42BE000A8CC9 /* UberOAuthViewModel.swift */,
				6BA11C6C2C4BF2EB000A8CC9 /* UberLoginManager.swift */,
				6BA11C762C4DAB1F000A8CC9 /* SwiftUIHelpers.swift */,
				6B9F5B492C56BE2100F9D5BC /* AuthManager.swift */,
			);
			path = SecuRide;
			sourceTree = "<group>";
		};
		9AB44F072C443EC700BB7F7D /* Preview Content */ = {
			isa = PBXGroup;
			children = (
				9AB44F082C443EC700BB7F7D /* Preview Assets.xcassets */,
			);
			path = "Preview Content";
			sourceTree = "<group>";
		};
		9AB44F112C443EC800BB7F7D /* SecuRideTests */ = {
			isa = PBXGroup;
			children = (
				9AB44F122C443EC800BB7F7D /* SecuRideTests.swift */,
			);
			path = SecuRideTests;
			sourceTree = "<group>";
		};
		9AB44F1B2C443EC800BB7F7D /* SecuRideUITests */ = {
			isa = PBXGroup;
			children = (
				9AB44F1C2C443EC800BB7F7D /* SecuRideUITests.swift */,
				9AB44F1E2C443EC800BB7F7D /* SecuRideUITestsLaunchTests.swift */,
			);
			path = SecuRideUITests;
			sourceTree = "<group>";
		};
		9AF3900A2C56AF3C004B947B /* Screens */ = {
			isa = PBXGroup;
			children = (
				9AB44F032C443EC500BB7F7D /* ContentView.swift */,
				9AF3900B2C56AF4B004B947B /* HomeView.swift */,
				6B9F5B4F2C56D98100F9D5BC /* AccountView.swift */,
				6B9F5B512C56D98F00F9D5BC /* HistoryView.swift */,
			);
			path = Screens;
			sourceTree = "<group>";
		};
		A218B1234BFF260940028BF6 /* Pods */ = {
			isa = PBXGroup;
			children = (
				0AB24E3910897D21F1C96834 /* Pods-SecuRide.debug.xcconfig */,
				25FAD2AA04B13E68E34863A4 /* Pods-SecuRide.release.xcconfig */,
				4EB67FD0356B7451645CBBCB /* Pods-SecuRide-SecuRideUITests.debug.xcconfig */,
				D8850CAAC6EAAC88522E6E7D /* Pods-SecuRide-SecuRideUITests.release.xcconfig */,
				D9861EB93B157F3F7FF0E270 /* Pods-SecuRideTests.debug.xcconfig */,
				DCC3739888F488EDFEEA42BE /* Pods-SecuRideTests.release.xcconfig */,
			);
			path = Pods;
			sourceTree = "<group>";
		};
/* End PBXGroup section */

/* Begin PBXNativeTarget section */
		9AB44EFD2C443EC400BB7F7D /* SecuRide */ = {
			isa = PBXNativeTarget;
			buildConfigurationList = 9AB44F222C443EC800BB7F7D /* Build configuration list for PBXNativeTarget "SecuRide" */;
			buildPhases = (
				A620B06720858573E2AF50B6 /* [CP] Check Pods Manifest.lock */,
				9AB44EFA2C443EC400BB7F7D /* Sources */,
				9AB44EFB2C443EC400BB7F7D /* Frameworks */,
				9AB44EFC2C443EC400BB7F7D /* Resources */,
				6BA11C692C488468000A8CC9 /* Embed Frameworks */,
				53C1144927B03E33613BB8CC /* [CP] Embed Pods Frameworks */,
			);
			buildRules = (
			);
			dependencies = (
			);
			name = SecuRide;
			packageProductDependencies = (
				6B9F5B472C56BAB300F9D5BC /* Supabase */,
			);
			productName = SecuRide;
			productReference = 9AB44EFE2C443EC400BB7F7D /* SecuRide.app */;
			productType = "com.apple.product-type.application";
		};
		9AB44F0D2C443EC800BB7F7D /* SecuRideTests */ = {
			isa = PBXNativeTarget;
			buildConfigurationList = 9AB44F252C443EC800BB7F7D /* Build configuration list for PBXNativeTarget "SecuRideTests" */;
			buildPhases = (
				1DE262B0CCE36E70071E0CFC /* [CP] Check Pods Manifest.lock */,
				9AB44F0A2C443EC800BB7F7D /* Sources */,
				9AB44F0B2C443EC800BB7F7D /* Frameworks */,
				9AB44F0C2C443EC800BB7F7D /* Resources */,
			);
			buildRules = (
			);
			dependencies = (
				9AB44F102C443EC800BB7F7D /* PBXTargetDependency */,
			);
			name = SecuRideTests;
			productName = SecuRideTests;
			productReference = 9AB44F0E2C443EC800BB7F7D /* SecuRideTests.xctest */;
			productType = "com.apple.product-type.bundle.unit-test";
		};
		9AB44F172C443EC800BB7F7D /* SecuRideUITests */ = {
			isa = PBXNativeTarget;
			buildConfigurationList = 9AB44F282C443EC800BB7F7D /* Build configuration list for PBXNativeTarget "SecuRideUITests" */;
			buildPhases = (
				362671316BC463360256406B /* [CP] Check Pods Manifest.lock */,
				9AB44F142C443EC800BB7F7D /* Sources */,
				9AB44F152C443EC800BB7F7D /* Frameworks */,
				9AB44F162C443EC800BB7F7D /* Resources */,
				940DE5C5D4CE8A313F32A6D5 /* [CP] Embed Pods Frameworks */,
			);
			buildRules = (
			);
			dependencies = (
				9AB44F1A2C443EC800BB7F7D /* PBXTargetDependency */,
			);
			name = SecuRideUITests;
			productName = SecuRideUITests;
			productReference = 9AB44F182C443EC800BB7F7D /* SecuRideUITests.xctest */;
			productType = "com.apple.product-type.bundle.ui-testing";
		};
/* End PBXNativeTarget section */

/* Begin PBXProject section */
		9AB44EF62C443EC400BB7F7D /* Project object */ = {
			isa = PBXProject;
			attributes = {
				BuildIndependentTargetsInParallel = 1;
				LastSwiftUpdateCheck = 1540;
				LastUpgradeCheck = 1540;
				TargetAttributes = {
					9AB44EFD2C443EC400BB7F7D = {
						CreatedOnToolsVersion = 15.4;
					};
					9AB44F0D2C443EC800BB7F7D = {
						CreatedOnToolsVersion = 15.4;
						TestTargetID = 9AB44EFD2C443EC400BB7F7D;
					};
					9AB44F172C443EC800BB7F7D = {
						CreatedOnToolsVersion = 15.4;
						TestTargetID = 9AB44EFD2C443EC400BB7F7D;
					};
				};
			};
			buildConfigurationList = 9AB44EF92C443EC400BB7F7D /* Build configuration list for PBXProject "SecuRide" */;
			compatibilityVersion = "Xcode 14.0";
			developmentRegion = en;
			hasScannedForEncodings = 0;
			knownRegions = (
				en,
				Base,
			);
			mainGroup = 9AB44EF52C443EC400BB7F7D;
			packageReferences = (
				9A3781512C4DA699004731CC /* XCRemoteSwiftPackageReference "supabase-swift" */,
				9A3781522C4DA6C6004731CC /* XCRemoteSwiftPackageReference "GoogleSignIn-iOS" */,
			);
			productRefGroup = 9AB44EFF2C443EC400BB7F7D /* Products */;
			projectDirPath = "";
			projectRoot = "";
			targets = (
				9AB44EFD2C443EC400BB7F7D /* SecuRide */,
				9AB44F0D2C443EC800BB7F7D /* SecuRideTests */,
				9AB44F172C443EC800BB7F7D /* SecuRideUITests */,
			);
		};
/* End PBXProject section */

/* Begin PBXResourcesBuildPhase section */
		9AB44EFC2C443EC400BB7F7D /* Resources */ = {
			isa = PBXResourcesBuildPhase;
			buildActionMask = 2147483647;
			files = (
				9AB44F092C443EC700BB7F7D /* Preview Assets.xcassets in Resources */,
				9AB44F062C443EC700BB7F7D /* Assets.xcassets in Resources */,
			);
			runOnlyForDeploymentPostprocessing = 0;
		};
		9AB44F0C2C443EC800BB7F7D /* Resources */ = {
			isa = PBXResourcesBuildPhase;
			buildActionMask = 2147483647;
			files = (
			);
			runOnlyForDeploymentPostprocessing = 0;
		};
		9AB44F162C443EC800BB7F7D /* Resources */ = {
			isa = PBXResourcesBuildPhase;
			buildActionMask = 2147483647;
			files = (
			);
			runOnlyForDeploymentPostprocessing = 0;
		};
/* End PBXResourcesBuildPhase section */

/* Begin PBXShellScriptBuildPhase section */
		1DE262B0CCE36E70071E0CFC /* [CP] Check Pods Manifest.lock */ = {
			isa = PBXShellScriptBuildPhase;
			buildActionMask = 2147483647;
			files = (
			);
			inputFileListPaths = (
			);
			inputPaths = (
				"${PODS_PODFILE_DIR_PATH}/Podfile.lock",
				"${PODS_ROOT}/Manifest.lock",
			);
			name = "[CP] Check Pods Manifest.lock";
			outputFileListPaths = (
			);
			outputPaths = (
				"$(DERIVED_FILE_DIR)/Pods-SecuRideTests-checkManifestLockResult.txt",
			);
			runOnlyForDeploymentPostprocessing = 0;
			shellPath = /bin/sh;
			shellScript = "diff \"${PODS_PODFILE_DIR_PATH}/Podfile.lock\" \"${PODS_ROOT}/Manifest.lock\" > /dev/null\nif [ $? != 0 ] ; then\n    # print error to STDERR\n    echo \"error: The sandbox is not in sync with the Podfile.lock. Run 'pod install' or update your CocoaPods installation.\" >&2\n    exit 1\nfi\n# This output is used by Xcode 'outputs' to avoid re-running this script phase.\necho \"SUCCESS\" > \"${SCRIPT_OUTPUT_FILE_0}\"\n";
			showEnvVarsInLog = 0;
		};
		362671316BC463360256406B /* [CP] Check Pods Manifest.lock */ = {
			isa = PBXShellScriptBuildPhase;
			buildActionMask = 2147483647;
			files = (
			);
			inputFileListPaths = (
			);
			inputPaths = (
				"${PODS_PODFILE_DIR_PATH}/Podfile.lock",
				"${PODS_ROOT}/Manifest.lock",
			);
			name = "[CP] Check Pods Manifest.lock";
			outputFileListPaths = (
			);
			outputPaths = (
				"$(DERIVED_FILE_DIR)/Pods-SecuRide-SecuRideUITests-checkManifestLockResult.txt",
			);
			runOnlyForDeploymentPostprocessing = 0;
			shellPath = /bin/sh;
			shellScript = "diff \"${PODS_PODFILE_DIR_PATH}/Podfile.lock\" \"${PODS_ROOT}/Manifest.lock\" > /dev/null\nif [ $? != 0 ] ; then\n    # print error to STDERR\n    echo \"error: The sandbox is not in sync with the Podfile.lock. Run 'pod install' or update your CocoaPods installation.\" >&2\n    exit 1\nfi\n# This output is used by Xcode 'outputs' to avoid re-running this script phase.\necho \"SUCCESS\" > \"${SCRIPT_OUTPUT_FILE_0}\"\n";
			showEnvVarsInLog = 0;
		};
		53C1144927B03E33613BB8CC /* [CP] Embed Pods Frameworks */ = {
			isa = PBXShellScriptBuildPhase;
			buildActionMask = 2147483647;
			files = (
			);
			inputFileListPaths = (
				"${PODS_ROOT}/Target Support Files/Pods-SecuRide/Pods-SecuRide-frameworks-${CONFIGURATION}-input-files.xcfilelist",
			);
			name = "[CP] Embed Pods Frameworks";
			outputFileListPaths = (
				"${PODS_ROOT}/Target Support Files/Pods-SecuRide/Pods-SecuRide-frameworks-${CONFIGURATION}-output-files.xcfilelist",
			);
			runOnlyForDeploymentPostprocessing = 0;
			shellPath = /bin/sh;
			shellScript = "\"${PODS_ROOT}/Target Support Files/Pods-SecuRide/Pods-SecuRide-frameworks.sh\"\n";
			showEnvVarsInLog = 0;
		};
		940DE5C5D4CE8A313F32A6D5 /* [CP] Embed Pods Frameworks */ = {
			isa = PBXShellScriptBuildPhase;
			buildActionMask = 2147483647;
			files = (
			);
			inputFileListPaths = (
				"${PODS_ROOT}/Target Support Files/Pods-SecuRide-SecuRideUITests/Pods-SecuRide-SecuRideUITests-frameworks-${CONFIGURATION}-input-files.xcfilelist",
			);
			name = "[CP] Embed Pods Frameworks";
			outputFileListPaths = (
				"${PODS_ROOT}/Target Support Files/Pods-SecuRide-SecuRideUITests/Pods-SecuRide-SecuRideUITests-frameworks-${CONFIGURATION}-output-files.xcfilelist",
			);
			runOnlyForDeploymentPostprocessing = 0;
			shellPath = /bin/sh;
			shellScript = "\"${PODS_ROOT}/Target Support Files/Pods-SecuRide-SecuRideUITests/Pods-SecuRide-SecuRideUITests-frameworks.sh\"\n";
			showEnvVarsInLog = 0;
		};
		A620B06720858573E2AF50B6 /* [CP] Check Pods Manifest.lock */ = {
			isa = PBXShellScriptBuildPhase;
			buildActionMask = 2147483647;
			files = (
			);
			inputFileListPaths = (
			);
			inputPaths = (
				"${PODS_PODFILE_DIR_PATH}/Podfile.lock",
				"${PODS_ROOT}/Manifest.lock",
			);
			name = "[CP] Check Pods Manifest.lock";
			outputFileListPaths = (
			);
			outputPaths = (
				"$(DERIVED_FILE_DIR)/Pods-SecuRide-checkManifestLockResult.txt",
			);
			runOnlyForDeploymentPostprocessing = 0;
			shellPath = /bin/sh;
			shellScript = "diff \"${PODS_PODFILE_DIR_PATH}/Podfile.lock\" \"${PODS_ROOT}/Manifest.lock\" > /dev/null\nif [ $? != 0 ] ; then\n    # print error to STDERR\n    echo \"error: The sandbox is not in sync with the Podfile.lock. Run 'pod install' or update your CocoaPods installation.\" >&2\n    exit 1\nfi\n# This output is used by Xcode 'outputs' to avoid re-running this script phase.\necho \"SUCCESS\" > \"${SCRIPT_OUTPUT_FILE_0}\"\n";
			showEnvVarsInLog = 0;
		};
/* End PBXShellScriptBuildPhase section */

/* Begin PBXSourcesBuildPhase section */
		9AB44EFA2C443EC400BB7F7D /* Sources */ = {
			isa = PBXSourcesBuildPhase;
			buildActionMask = 2147483647;
			files = (
				9A3781562C4DA838004731CC /* EmailAuthView.swift in Sources */,
				9AF3900C2C56AF4B004B947B /* HomeView.swift in Sources */,
				6B9F5B4C2C56BF2C00F9D5BC /* SignInGoogle.swift in Sources */,
				6BA11C772C4DAB1F000A8CC9 /* SwiftUIHelpers.swift in Sources */,
				9A37815A2C4DA972004731CC /* ProfileView.swift in Sources */,
				6B9F5B4A2C56BE2100F9D5BC /* AuthManager.swift in Sources */,
				6B9F5B502C56D98100F9D5BC /* AccountView.swift in Sources */,
				6BA11C732C4DAAB9000A8CC9 /* AvatarImage.swift in Sources */,
				9AB44F042C443EC500BB7F7D /* ContentView.swift in Sources */,
				9A3781542C4DA7CE004731CC /* Supabase.swift in Sources */,
				6B9F5B4E2C56C58100F9D5BC /* SignInViewModel.swift in Sources */,
				9AB44F022C443EC500BB7F7D /* SecuRideApp.swift in Sources */,
				6B9F5B522C56D98F00F9D5BC /* HistoryView.swift in Sources */,
				9A3781582C4DA942004731CC /* AppView.swift in Sources */,
				6BA11C6F2C4C42BE000A8CC9 /* UberOAuthViewModel.swift in Sources */,
				6BA11C792C56B598000A8CC9 /* GoogleAuthView.swift in Sources */,
				6BA11C6B2C4887C5000A8CC9 /* UberButton.swift in Sources */,
				6BA11C6D2C4BF2EB000A8CC9 /* UberLoginManager.swift in Sources */,
				9A37815C2C4DA997004731CC /* Models.swift in Sources */,
			);
			runOnlyForDeploymentPostprocessing = 0;
		};
		9AB44F0A2C443EC800BB7F7D /* Sources */ = {
			isa = PBXSourcesBuildPhase;
			buildActionMask = 2147483647;
			files = (
				9AB44F132C443EC800BB7F7D /* SecuRideTests.swift in Sources */,
			);
			runOnlyForDeploymentPostprocessing = 0;
		};
		9AB44F142C443EC800BB7F7D /* Sources */ = {
			isa = PBXSourcesBuildPhase;
			buildActionMask = 2147483647;
			files = (
				9AB44F1F2C443EC800BB7F7D /* SecuRideUITestsLaunchTests.swift in Sources */,
				9AB44F1D2C443EC800BB7F7D /* SecuRideUITests.swift in Sources */,
			);
			runOnlyForDeploymentPostprocessing = 0;
		};
/* End PBXSourcesBuildPhase section */

/* Begin PBXTargetDependency section */
		9AB44F102C443EC800BB7F7D /* PBXTargetDependency */ = {
			isa = PBXTargetDependency;
			target = 9AB44EFD2C443EC400BB7F7D /* SecuRide */;
			targetProxy = 9AB44F0F2C443EC800BB7F7D /* PBXContainerItemProxy */;
		};
		9AB44F1A2C443EC800BB7F7D /* PBXTargetDependency */ = {
			isa = PBXTargetDependency;
			target = 9AB44EFD2C443EC400BB7F7D /* SecuRide */;
			targetProxy = 9AB44F192C443EC800BB7F7D /* PBXContainerItemProxy */;
		};
/* End PBXTargetDependency section */

/* Begin XCBuildConfiguration section */
		9AB44F202C443EC800BB7F7D /* Debug */ = {
			isa = XCBuildConfiguration;
			buildSettings = {
				ALWAYS_SEARCH_USER_PATHS = NO;
				ASSETCATALOG_COMPILER_GENERATE_SWIFT_ASSET_SYMBOL_EXTENSIONS = YES;
				CLANG_ANALYZER_NONNULL = YES;
				CLANG_ANALYZER_NUMBER_OBJECT_CONVERSION = YES_AGGRESSIVE;
				CLANG_CXX_LANGUAGE_STANDARD = "gnu++20";
				CLANG_ENABLE_MODULES = YES;
				CLANG_ENABLE_OBJC_ARC = YES;
				CLANG_ENABLE_OBJC_WEAK = YES;
				CLANG_WARN_BLOCK_CAPTURE_AUTORELEASING = YES;
				CLANG_WARN_BOOL_CONVERSION = YES;
				CLANG_WARN_COMMA = YES;
				CLANG_WARN_CONSTANT_CONVERSION = YES;
				CLANG_WARN_DEPRECATED_OBJC_IMPLEMENTATIONS = YES;
				CLANG_WARN_DIRECT_OBJC_ISA_USAGE = YES_ERROR;
				CLANG_WARN_DOCUMENTATION_COMMENTS = YES;
				CLANG_WARN_EMPTY_BODY = YES;
				CLANG_WARN_ENUM_CONVERSION = YES;
				CLANG_WARN_INFINITE_RECURSION = YES;
				CLANG_WARN_INT_CONVERSION = YES;
				CLANG_WARN_NON_LITERAL_NULL_CONVERSION = YES;
				CLANG_WARN_OBJC_IMPLICIT_RETAIN_SELF = YES;
				CLANG_WARN_OBJC_LITERAL_CONVERSION = YES;
				CLANG_WARN_OBJC_ROOT_CLASS = YES_ERROR;
				CLANG_WARN_QUOTED_INCLUDE_IN_FRAMEWORK_HEADER = YES;
				CLANG_WARN_RANGE_LOOP_ANALYSIS = YES;
				CLANG_WARN_STRICT_PROTOTYPES = YES;
				CLANG_WARN_SUSPICIOUS_MOVE = YES;
				CLANG_WARN_UNGUARDED_AVAILABILITY = YES_AGGRESSIVE;
				CLANG_WARN_UNREACHABLE_CODE = YES;
				CLANG_WARN__DUPLICATE_METHOD_MATCH = YES;
				COPY_PHASE_STRIP = NO;
				DEBUG_INFORMATION_FORMAT = dwarf;
				ENABLE_STRICT_OBJC_MSGSEND = YES;
				ENABLE_TESTABILITY = YES;
				ENABLE_USER_SCRIPT_SANDBOXING = NO;
				GCC_C_LANGUAGE_STANDARD = gnu17;
				GCC_DYNAMIC_NO_PIC = NO;
				GCC_NO_COMMON_BLOCKS = YES;
				GCC_OPTIMIZATION_LEVEL = 0;
				GCC_PREPROCESSOR_DEFINITIONS = (
					"DEBUG=1",
					"$(inherited)",
				);
				GCC_WARN_64_TO_32_BIT_CONVERSION = YES;
				GCC_WARN_ABOUT_RETURN_TYPE = YES_ERROR;
				GCC_WARN_UNDECLARED_SELECTOR = YES;
				GCC_WARN_UNINITIALIZED_AUTOS = YES_AGGRESSIVE;
				GCC_WARN_UNUSED_FUNCTION = YES;
				GCC_WARN_UNUSED_VARIABLE = YES;
				IPHONEOS_DEPLOYMENT_TARGET = 17.5;
				LOCALIZATION_PREFERS_STRING_CATALOGS = YES;
				MTL_ENABLE_DEBUG_INFO = INCLUDE_SOURCE;
				MTL_FAST_MATH = YES;
				ONLY_ACTIVE_ARCH = YES;
				SDKROOT = iphoneos;
				SWIFT_ACTIVE_COMPILATION_CONDITIONS = "DEBUG $(inherited)";
				SWIFT_OPTIMIZATION_LEVEL = "-Onone";
			};
			name = Debug;
		};
		9AB44F212C443EC800BB7F7D /* Release */ = {
			isa = XCBuildConfiguration;
			buildSettings = {
				ALWAYS_SEARCH_USER_PATHS = NO;
				ASSETCATALOG_COMPILER_GENERATE_SWIFT_ASSET_SYMBOL_EXTENSIONS = YES;
				CLANG_ANALYZER_NONNULL = YES;
				CLANG_ANALYZER_NUMBER_OBJECT_CONVERSION = YES_AGGRESSIVE;
				CLANG_CXX_LANGUAGE_STANDARD = "gnu++20";
				CLANG_ENABLE_MODULES = YES;
				CLANG_ENABLE_OBJC_ARC = YES;
				CLANG_ENABLE_OBJC_WEAK = YES;
				CLANG_WARN_BLOCK_CAPTURE_AUTORELEASING = YES;
				CLANG_WARN_BOOL_CONVERSION = YES;
				CLANG_WARN_COMMA = YES;
				CLANG_WARN_CONSTANT_CONVERSION = YES;
				CLANG_WARN_DEPRECATED_OBJC_IMPLEMENTATIONS = YES;
				CLANG_WARN_DIRECT_OBJC_ISA_USAGE = YES_ERROR;
				CLANG_WARN_DOCUMENTATION_COMMENTS = YES;
				CLANG_WARN_EMPTY_BODY = YES;
				CLANG_WARN_ENUM_CONVERSION = YES;
				CLANG_WARN_INFINITE_RECURSION = YES;
				CLANG_WARN_INT_CONVERSION = YES;
				CLANG_WARN_NON_LITERAL_NULL_CONVERSION = YES;
				CLANG_WARN_OBJC_IMPLICIT_RETAIN_SELF = YES;
				CLANG_WARN_OBJC_LITERAL_CONVERSION = YES;
				CLANG_WARN_OBJC_ROOT_CLASS = YES_ERROR;
				CLANG_WARN_QUOTED_INCLUDE_IN_FRAMEWORK_HEADER = YES;
				CLANG_WARN_RANGE_LOOP_ANALYSIS = YES;
				CLANG_WARN_STRICT_PROTOTYPES = YES;
				CLANG_WARN_SUSPICIOUS_MOVE = YES;
				CLANG_WARN_UNGUARDED_AVAILABILITY = YES_AGGRESSIVE;
				CLANG_WARN_UNREACHABLE_CODE = YES;
				CLANG_WARN__DUPLICATE_METHOD_MATCH = YES;
				COPY_PHASE_STRIP = NO;
				DEBUG_INFORMATION_FORMAT = "dwarf-with-dsym";
				ENABLE_NS_ASSERTIONS = NO;
				ENABLE_STRICT_OBJC_MSGSEND = YES;
				ENABLE_USER_SCRIPT_SANDBOXING = NO;
				GCC_C_LANGUAGE_STANDARD = gnu17;
				GCC_NO_COMMON_BLOCKS = YES;
				GCC_WARN_64_TO_32_BIT_CONVERSION = YES;
				GCC_WARN_ABOUT_RETURN_TYPE = YES_ERROR;
				GCC_WARN_UNDECLARED_SELECTOR = YES;
				GCC_WARN_UNINITIALIZED_AUTOS = YES_AGGRESSIVE;
				GCC_WARN_UNUSED_FUNCTION = YES;
				GCC_WARN_UNUSED_VARIABLE = YES;
				IPHONEOS_DEPLOYMENT_TARGET = 17.5;
				LOCALIZATION_PREFERS_STRING_CATALOGS = YES;
				MTL_ENABLE_DEBUG_INFO = NO;
				MTL_FAST_MATH = YES;
				SDKROOT = iphoneos;
				SWIFT_COMPILATION_MODE = wholemodule;
				VALIDATE_PRODUCT = YES;
			};
			name = Release;
		};
		9AB44F232C443EC800BB7F7D /* Debug */ = {
			isa = XCBuildConfiguration;
			baseConfigurationReference = 0AB24E3910897D21F1C96834 /* Pods-SecuRide.debug.xcconfig */;
			buildSettings = {
				ASSETCATALOG_COMPILER_APPICON_NAME = AppIcon;
				ASSETCATALOG_COMPILER_GLOBAL_ACCENT_COLOR_NAME = AccentColor;
				CODE_SIGN_STYLE = Automatic;
				CURRENT_PROJECT_VERSION = 1;
				DEVELOPMENT_ASSET_PATHS = "\"SecuRide/Preview Content\"";
				DEVELOPMENT_TEAM = FVNB837X84;
				ENABLE_PREVIEWS = YES;
				GENERATE_INFOPLIST_FILE = YES;
				INFOPLIST_FILE = SecuRide/Info.plist;
				INFOPLIST_KEY_UIApplicationSceneManifest_Generation = YES;
				INFOPLIST_KEY_UIApplicationSupportsIndirectInputEvents = YES;
				INFOPLIST_KEY_UILaunchScreen_Generation = YES;
				INFOPLIST_KEY_UISupportedInterfaceOrientations_iPad = "UIInterfaceOrientationPortrait UIInterfaceOrientationPortraitUpsideDown UIInterfaceOrientationLandscapeLeft UIInterfaceOrientationLandscapeRight";
				INFOPLIST_KEY_UISupportedInterfaceOrientations_iPhone = "UIInterfaceOrientationPortrait UIInterfaceOrientationLandscapeLeft UIInterfaceOrientationLandscapeRight";
				LD_RUNPATH_SEARCH_PATHS = (
					"$(inherited)",
					"@executable_path/Frameworks",
				);
				MARKETING_VERSION = 1.0;
				PRODUCT_BUNDLE_IDENTIFIER = com.asaravan.securide;
				PRODUCT_NAME = "$(TARGET_NAME)";
				SWIFT_EMIT_LOC_STRINGS = YES;
				SWIFT_VERSION = 5.0;
				TARGETED_DEVICE_FAMILY = "1,2";
			};
			name = Debug;
		};
		9AB44F242C443EC800BB7F7D /* Release */ = {
			isa = XCBuildConfiguration;
			baseConfigurationReference = 25FAD2AA04B13E68E34863A4 /* Pods-SecuRide.release.xcconfig */;
			buildSettings = {
				ASSETCATALOG_COMPILER_APPICON_NAME = AppIcon;
				ASSETCATALOG_COMPILER_GLOBAL_ACCENT_COLOR_NAME = AccentColor;
				CODE_SIGN_STYLE = Automatic;
				CURRENT_PROJECT_VERSION = 1;
				DEVELOPMENT_ASSET_PATHS = "\"SecuRide/Preview Content\"";
				DEVELOPMENT_TEAM = FVNB837X84;
				ENABLE_PREVIEWS = YES;
				GENERATE_INFOPLIST_FILE = YES;
				INFOPLIST_FILE = SecuRide/Info.plist;
				INFOPLIST_KEY_UIApplicationSceneManifest_Generation = YES;
				INFOPLIST_KEY_UIApplicationSupportsIndirectInputEvents = YES;
				INFOPLIST_KEY_UILaunchScreen_Generation = YES;
				INFOPLIST_KEY_UISupportedInterfaceOrientations_iPad = "UIInterfaceOrientationPortrait UIInterfaceOrientationPortraitUpsideDown UIInterfaceOrientationLandscapeLeft UIInterfaceOrientationLandscapeRight";
				INFOPLIST_KEY_UISupportedInterfaceOrientations_iPhone = "UIInterfaceOrientationPortrait UIInterfaceOrientationLandscapeLeft UIInterfaceOrientationLandscapeRight";
				LD_RUNPATH_SEARCH_PATHS = (
					"$(inherited)",
					"@executable_path/Frameworks",
				);
				MARKETING_VERSION = 1.0;
				PRODUCT_BUNDLE_IDENTIFIER = com.asaravan.securide;
				PRODUCT_NAME = "$(TARGET_NAME)";
				SWIFT_EMIT_LOC_STRINGS = YES;
				SWIFT_VERSION = 5.0;
				TARGETED_DEVICE_FAMILY = "1,2";
			};
			name = Release;
		};
		9AB44F262C443EC800BB7F7D /* Debug */ = {
			isa = XCBuildConfiguration;
			baseConfigurationReference = D9861EB93B157F3F7FF0E270 /* Pods-SecuRideTests.debug.xcconfig */;
			buildSettings = {
				ALWAYS_EMBED_SWIFT_STANDARD_LIBRARIES = YES;
				BUNDLE_LOADER = "$(TEST_HOST)";
				CODE_SIGN_STYLE = Automatic;
				CURRENT_PROJECT_VERSION = 1;
				DEVELOPMENT_TEAM = FVNB837X84;
				GENERATE_INFOPLIST_FILE = YES;
				IPHONEOS_DEPLOYMENT_TARGET = 17.5;
				MARKETING_VERSION = 1.0;
				PRODUCT_BUNDLE_IDENTIFIER = com.asaravan.SecuRideTests;
				PRODUCT_NAME = "$(TARGET_NAME)";
				SWIFT_EMIT_LOC_STRINGS = NO;
				SWIFT_VERSION = 5.0;
				TARGETED_DEVICE_FAMILY = "1,2";
				TEST_HOST = "$(BUILT_PRODUCTS_DIR)/SecuRide.app/$(BUNDLE_EXECUTABLE_FOLDER_PATH)/SecuRide";
			};
			name = Debug;
		};
		9AB44F272C443EC800BB7F7D /* Release */ = {
			isa = XCBuildConfiguration;
			baseConfigurationReference = DCC3739888F488EDFEEA42BE /* Pods-SecuRideTests.release.xcconfig */;
			buildSettings = {
				ALWAYS_EMBED_SWIFT_STANDARD_LIBRARIES = YES;
				BUNDLE_LOADER = "$(TEST_HOST)";
				CODE_SIGN_STYLE = Automatic;
				CURRENT_PROJECT_VERSION = 1;
				DEVELOPMENT_TEAM = FVNB837X84;
				GENERATE_INFOPLIST_FILE = YES;
				IPHONEOS_DEPLOYMENT_TARGET = 17.5;
				MARKETING_VERSION = 1.0;
				PRODUCT_BUNDLE_IDENTIFIER = com.asaravan.SecuRideTests;
				PRODUCT_NAME = "$(TARGET_NAME)";
				SWIFT_EMIT_LOC_STRINGS = NO;
				SWIFT_VERSION = 5.0;
				TARGETED_DEVICE_FAMILY = "1,2";
				TEST_HOST = "$(BUILT_PRODUCTS_DIR)/SecuRide.app/$(BUNDLE_EXECUTABLE_FOLDER_PATH)/SecuRide";
			};
			name = Release;
		};
		9AB44F292C443EC800BB7F7D /* Debug */ = {
			isa = XCBuildConfiguration;
			baseConfigurationReference = 4EB67FD0356B7451645CBBCB /* Pods-SecuRide-SecuRideUITests.debug.xcconfig */;
			buildSettings = {
				ALWAYS_EMBED_SWIFT_STANDARD_LIBRARIES = YES;
				CODE_SIGN_STYLE = Automatic;
				CURRENT_PROJECT_VERSION = 1;
				DEVELOPMENT_TEAM = FVNB837X84;
				GENERATE_INFOPLIST_FILE = YES;
				MARKETING_VERSION = 1.0;
				PRODUCT_BUNDLE_IDENTIFIER = com.asaravan.SecuRideUITests;
				PRODUCT_NAME = "$(TARGET_NAME)";
				SWIFT_EMIT_LOC_STRINGS = NO;
				SWIFT_VERSION = 5.0;
				TARGETED_DEVICE_FAMILY = "1,2";
				TEST_TARGET_NAME = SecuRide;
			};
			name = Debug;
		};
		9AB44F2A2C443EC800BB7F7D /* Release */ = {
			isa = XCBuildConfiguration;
			baseConfigurationReference = D8850CAAC6EAAC88522E6E7D /* Pods-SecuRide-SecuRideUITests.release.xcconfig */;
			buildSettings = {
				ALWAYS_EMBED_SWIFT_STANDARD_LIBRARIES = YES;
				CODE_SIGN_STYLE = Automatic;
				CURRENT_PROJECT_VERSION = 1;
				DEVELOPMENT_TEAM = FVNB837X84;
				GENERATE_INFOPLIST_FILE = YES;
				MARKETING_VERSION = 1.0;
				PRODUCT_BUNDLE_IDENTIFIER = com.asaravan.SecuRideUITests;
				PRODUCT_NAME = "$(TARGET_NAME)";
				SWIFT_EMIT_LOC_STRINGS = NO;
				SWIFT_VERSION = 5.0;
				TARGETED_DEVICE_FAMILY = "1,2";
				TEST_TARGET_NAME = SecuRide;
			};
			name = Release;
		};
/* End XCBuildConfiguration section */

/* Begin XCConfigurationList section */
		9AB44EF92C443EC400BB7F7D /* Build configuration list for PBXProject "SecuRide" */ = {
			isa = XCConfigurationList;
			buildConfigurations = (
				9AB44F202C443EC800BB7F7D /* Debug */,
				9AB44F212C443EC800BB7F7D /* Release */,
			);
			defaultConfigurationIsVisible = 0;
			defaultConfigurationName = Release;
		};
		9AB44F222C443EC800BB7F7D /* Build configuration list for PBXNativeTarget "SecuRide" */ = {
			isa = XCConfigurationList;
			buildConfigurations = (
				9AB44F232C443EC800BB7F7D /* Debug */,
				9AB44F242C443EC800BB7F7D /* Release */,
			);
			defaultConfigurationIsVisible = 0;
			defaultConfigurationName = Release;
		};
		9AB44F252C443EC800BB7F7D /* Build configuration list for PBXNativeTarget "SecuRideTests" */ = {
			isa = XCConfigurationList;
			buildConfigurations = (
				9AB44F262C443EC800BB7F7D /* Debug */,
				9AB44F272C443EC800BB7F7D /* Release */,
			);
			defaultConfigurationIsVisible = 0;
			defaultConfigurationName = Release;
		};
		9AB44F282C443EC800BB7F7D /* Build configuration list for PBXNativeTarget "SecuRideUITests" */ = {
			isa = XCConfigurationList;
			buildConfigurations = (
				9AB44F292C443EC800BB7F7D /* Debug */,
				9AB44F2A2C443EC800BB7F7D /* Release */,
			);
			defaultConfigurationIsVisible = 0;
			defaultConfigurationName = Release;
		};
/* End XCConfigurationList section */

/* Begin XCRemoteSwiftPackageReference section */
		9A3781512C4DA699004731CC /* XCRemoteSwiftPackageReference "supabase-swift" */ = {
			isa = XCRemoteSwiftPackageReference;
			repositoryURL = "https://github.com/supabase-community/supabase-swift.git";
			requirement = {
				kind = upToNextMajorVersion;
				minimumVersion = 2.5.1;
			};
		};
		9A3781522C4DA6C6004731CC /* XCRemoteSwiftPackageReference "GoogleSignIn-iOS" */ = {
			isa = XCRemoteSwiftPackageReference;
			repositoryURL = "https://github.com/google/GoogleSignIn-iOS";
			requirement = {
				kind = upToNextMajorVersion;
				minimumVersion = 7.1.0;
			};
		};
/* End XCRemoteSwiftPackageReference section */

/* Begin XCSwiftPackageProductDependency section */
		6B9F5B472C56BAB300F9D5BC /* Supabase */ = {
			isa = XCSwiftPackageProductDependency;
			package = 9A3781512C4DA699004731CC /* XCRemoteSwiftPackageReference "supabase-swift" */;
			productName = Supabase;
		};
/* End XCSwiftPackageProductDependency section */
	};
	rootObject = 9AB44EF62C443EC400BB7F7D /* Project object */;
}
